
Microsoft Visual Studio Solution File, Format Version 12.00
# Visual Studio Version 18
VisualStudioVersion = 18.4.11626.88 stable
MinimumVisualStudioVersion = 10.0.40219.1
Project("{2150E333-8FDC-42A3-9474-1A3956D46DE8}") = "Notes", "Notes", "{10B4436C-8018-440E-844C-A6E034626891}"
	ProjectSection(SolutionItems) = preProject
		ghichu10-3.md = ghichu10-3.md
		Log.md = Log.md
		Models.note.txt = Models.note.txt
		security.md = security.md
	EndProjectSection
EndProject
Project("{9A19103F-16F7-4668-BE54-9A1E7A4F7556}") = "SV22T1020063.Shop", "SV22T1020063.Shop\SV22T1020063.Shop.csproj", "{C6F7109A-78B7-4585-AEED-9F10A9F9B081}"
EndProject
Project("{9A19103F-16F7-4668-BE54-9A1E7A4F7556}") = "SV22T1020063.DataLayers", "SV22T1020063.DataLayers\SV22T1020063.DataLayers.csproj", "{C5D14681-F5D8-4BBA-A2D7-6296D5D3A60F}"
EndProject
Project("{9A19103F-16F7-4668-BE54-9A1E7A4F7556}") = "SV22T1020063.BusinessLayers", "SV22T1020063.BusinessLayers\SV22T1020063.BusinessLayers.csproj", "{1285A0FC-79ED-4D02-9CF4-06785E91FD2C}"
EndProject
Project("{9A19103F-16F7-4668-BE54-9A1E7A4F7556}") = "SV22T1020063.Admin", "SV22T1020063.Admin\SV22T1020063.Admin.csproj", "{B68A6F1E-F081-41B8-98B8-DD6699F623FF}"
EndProject
Project("{9A19103F-16F7-4668-BE54-9A1E7A4F7556}") = "SV22T1020063.Models", "SV22T1020063.Models\SV22T1020063.Models.csproj", "{3E0FC356-A960-4DE3-878D-4FF43DC796E4}"
EndProject
Project("{2150E333-8FDC-42A3-9474-1A3956D46DE8}") = "Applications", "Applications", "{9905F427-9451-40E0-BAB0-963688627D8F}"
EndProject
Project("{2150E333-8FDC-42A3-9474-1A3956D46DE8}") = "Libraries", "Libraries", "{E8A8BB79-0728-44D4-9D30-2AC542C6B564}"
EndProject
Global
	GlobalSection(SolutionConfigurationPlatforms) = preSolution
		Debug|Any CPU = Debug|Any CPU
		Release|Any CPU = Release|Any CPU
	EndGlobalSection
	GlobalSection(ProjectConfigurationPlatforms) = postSolution
		{C6F7109A-78B7-4585-AEED-9F10A9F9B081}.Debug|Any CPU.ActiveCfg = Debug|Any CPU
		{C6F7109A-78B7-4585-AEED-9F10A9F9B081}.Debug|Any CPU.Build.0 = Debug|Any CPU
		{C6F7109A-78B7-4585-AEED-9F10A9F9B081}.Release|Any CPU.ActiveCfg = Release|Any CPU
		{C6F7109A-78B7-4585-AEED-9F10A9F9B081}.Release|Any CPU.Build.0 = Release|Any CPU
		{C5D14681-F5D8-4BBA-A2D7-6296D5D3A60F}.Debug|Any CPU.ActiveCfg = Debug|Any CPU
		{C5D14681-F5D8-4BBA-A2D7-6296D5D3A60F}.Debug|Any CPU.Build.0 = Debug|Any CPU
		{C5D14681-F5D8-4BBA-A2D7-6296D5D3A60F}.Release|Any CPU.ActiveCfg = Release|Any CPU
		{C5D14681-F5D8-4BBA-A2D7-6296D5D3A60F}.Release|Any CPU.Build.0 = Release|Any CPU
		{1285A0FC-79ED-4D02-9CF4-06785E91FD2C}.Debug|Any CPU.ActiveCfg = Debug|Any CPU
		{1285A0FC-79ED-4D02-9CF4-06785E91FD2C}.Debug|Any CPU.Build.0 = Debug|Any CPU
		{1285A0FC-79ED-4D02-9CF4-06785E91FD2C}.Release|Any CPU.ActiveCfg = Release|Any CPU
		{1285A0FC-79ED-4D02-9CF4-06785E91FD2C}.Release|Any CPU.Build.0 = Release|Any CPU
		{B68A6F1E-F081-41B8-98B8-DD6699F623FF}.Debug|Any CPU.ActiveCfg = Debug|Any CPU
		{B68A6F1E-F081-41B8-98B8-DD6699F623FF}.Debug|Any CPU.Build.0 = Debug|Any CPU
		{B68A6F1E-F081-41B8-98B8-DD6699F623FF}.Release|Any CPU.ActiveCfg = Release|Any CPU
		{B68A6F1E-F081-41B8-98B8-DD6699F623FF}.Release|Any CPU.Build.0 = Release|Any CPU
		{3E0FC356-A960-4DE3-878D-4FF43DC796E4}.Debug|Any CPU.ActiveCfg = Debug|Any CPU
		{3E0FC356-A960-4DE3-878D-4FF43DC796E4}.Debug|Any CPU.Build.0 = Debug|Any CPU
		{3E0FC356-A960-4DE3-878D-4FF43DC796E4}.Release|Any CPU.ActiveCfg = Release|Any CPU
		{3E0FC356-A960-4DE3-878D-4FF43DC796E4}.Release|Any CPU.Build.0 = Release|Any CPU
	EndGlobalSection
	GlobalSection(SolutionProperties) = preSolution
		HideSolutionNode = FALSE
	EndGlobalSection
	GlobalSection(NestedProjects) = preSolution
		{C6F7109A-78B7-4585-AEED-9F10A9F9B081} = {9905F427-9451-40E0-BAB0-963688627D8F}
		{C5D14681-F5D8-4BBA-A2D7-6296D5D3A60F} = {E8A8BB79-0728-44D4-9D30-2AC542C6B564}
		{1285A0FC-79ED-4D02-9CF4-06785E91FD2C} = {E8A8BB79-0728-44D4-9D30-2AC542C6B564}
		{B68A6F1E-F081-41B8-98B8-DD6699F623FF} = {9905F427-9451-40E0-BAB0-963688627D8F}
		{3E0FC356-A960-4DE3-878D-4FF43DC796E4} = {E8A8BB79-0728-44D4-9D30-2AC542C6B564}
	EndGlobalSection
	GlobalSection(ExtensibilityGlobals) = postSolution
		SolutionGuid = {F79E21A8-9727-4418-AA16-3CD28189ACDD}
	EndGlobalSection
EndGlobal
