
Microsoft Visual Studio Solution File, Format Version 12.00
# Visual Studio Version 17
VisualStudioVersion = 17.8.34511.84
MinimumVisualStudioVersion = 10.0.40219.1
Project("{2150E333-8FDC-42A3-9474-1A3956D46DE8}") = "Notes", "Notes", "{10B4436C-8018-440E-844C-A6E034626891}"
	ProjectSection(SolutionItems) = preProject
<<<<<<< HEAD
		ghichu10-3.md = ghichu10-3.md
		Log.md = Log.md
		Models.note.txt = Models.note.txt
	EndProjectSection
EndProject
Project("{9A19103F-16F7-4668-BE54-9A1E7A4F7556}") = "SV22T1020063.Admin", "SV22T1020063.Admin\SV22T1020063.Admin.csproj", "{CF68EBEB-E779-4B64-8ED0-02B992878446}"
EndProject
Project("{9A19103F-16F7-4668-BE54-9A1E7A4F7556}") = "SV22T1020063.Shop", "SV22T1020063.Shop\SV22T1020063.Shop.csproj", "{C6F7109A-78B7-4585-AEED-9F10A9F9B081}"
EndProject
Project("{9A19103F-16F7-4668-BE54-9A1E7A4F7556}") = "SV22T1020063.Models", "SV22T1020063.Models\SV22T1020063.Models.csproj", "{07779D71-3804-4DDF-A12A-6DF285B09F8B}"
EndProject
Project("{9A19103F-16F7-4668-BE54-9A1E7A4F7556}") = "SV22T1020063.DataLayers", "SV22T1020063.DataLayers\SV22T1020063.DataLayers.csproj", "{C5D14681-F5D8-4BBA-A2D7-6296D5D3A60F}"
EndProject
Project("{9A19103F-16F7-4668-BE54-9A1E7A4F7556}") = "SV22T1020063.BusinessLayers", "SV22T1020063.BusinessLayers\SV22T1020063.BusinessLayers.csproj", "{1285A0FC-79ED-4D02-9CF4-06785E91FD2C}"
=======
		Log.md = Log.md
	EndProjectSection
EndProject
Project("{FAE04EC0-301F-11D3-BF4B-00C04F79EFBC}") = "SV22T1020063.Admin", "SV22T1020063.Admin\SV22T1020063.Admin.csproj", "{CF68EBEB-E779-4B64-8ED0-02B992878446}"
EndProject
Project("{FAE04EC0-301F-11D3-BF4B-00C04F79EFBC}") = "SV22T1020063.Shop", "SV22T1020063.Shop\SV22T1020063.Shop.csproj", "{C6F7109A-78B7-4585-AEED-9F10A9F9B081}"
EndProject
Project("{FAE04EC0-301F-11D3-BF4B-00C04F79EFBC}") = "SV22T1020063.Models", "SV22T1020063.Models\SV22T1020063.Models.csproj", "{07779D71-3804-4DDF-A12A-6DF285B09F8B}"
EndProject
Project("{FAE04EC0-301F-11D3-BF4B-00C04F79EFBC}") = "SV22T1020063.DataLayers", "SV22T1020063.DataLayers\SV22T1020063.DataLayers.csproj", "{C5D14681-F5D8-4BBA-A2D7-6296D5D3A60F}"
EndProject
Project("{FAE04EC0-301F-11D3-BF4B-00C04F79EFBC}") = "SV22T1020063.BusinessLayers", "SV22T1020063.BusinessLayers\SV22T1020063.BusinessLayers.csproj", "{1285A0FC-79ED-4D02-9CF4-06785E91FD2C}"
>>>>>>> 47b8d31b5cba9f97d73b91bc1c666abcd974b432
EndProject
Project("{2150E333-8FDC-42A3-9474-1A3956D46DE8}") = "Applications", "Applications", "{9905F427-9451-40E0-BAB0-963688627D8F}"
EndProject
Project("{2150E333-8FDC-42A3-9474-1A3956D46DE8}") = "Libraries", "Libraries", "{E8A8BB79-0728-44D4-9D30-2AC542C6B564}"
EndProject
Global
	GlobalSection(SolutionConfigurationPlatforms) = preSolution
		Debug|Any CPU = Debug|Any CPU
		Release|Any CPU = Release|Any CPU
	EndGlobalSection
	GlobalSection(ProjectConfigurationPlatforms) = postSolution
		{CF68EBEB-E779-4B64-8ED0-02B992878446}.Debug|Any CPU.ActiveCfg = Debug|Any CPU
		{CF68EBEB-E779-4B64-8ED0-02B992878446}.Debug|Any CPU.Build.0 = Debug|Any CPU
		{CF68EBEB-E779-4B64-8ED0-02B992878446}.Release|Any CPU.ActiveCfg = Release|Any CPU
		{CF68EBEB-E779-4B64-8ED0-02B992878446}.Release|Any CPU.Build.0 = Release|Any CPU
		{C6F7109A-78B7-4585-AEED-9F10A9F9B081}.Debug|Any CPU.ActiveCfg = Debug|Any CPU
		{C6F7109A-78B7-4585-AEED-9F10A9F9B081}.Debug|Any CPU.Build.0 = Debug|Any CPU
		{C6F7109A-78B7-4585-AEED-9F10A9F9B081}.Release|Any CPU.ActiveCfg = Release|Any CPU
		{C6F7109A-78B7-4585-AEED-9F10A9F9B081}.Release|Any CPU.Build.0 = Release|Any CPU
		{07779D71-3804-4DDF-A12A-6DF285B09F8B}.Debug|Any CPU.ActiveCfg = Debug|Any CPU
		{07779D71-3804-4DDF-A12A-6DF285B09F8B}.Debug|Any CPU.Build.0 = Debug|Any CPU
		{07779D71-3804-4DDF-A12A-6DF285B09F8B}.Release|Any CPU.ActiveCfg = Release|Any CPU
		{07779D71-3804-4DDF-A12A-6DF285B09F8B}.Release|Any CPU.Build.0 = Release|Any CPU
		{C5D14681-F5D8-4BBA-A2D7-6296D5D3A60F}.Debug|Any CPU.ActiveCfg = Debug|Any CPU
		{C5D14681-F5D8-4BBA-A2D7-6296D5D3A60F}.Debug|Any CPU.Build.0 = Debug|Any CPU
		{C5D14681-F5D8-4BBA-A2D7-6296D5D3A60F}.Release|Any CPU.ActiveCfg = Release|Any CPU
		{C5D14681-F5D8-4BBA-A2D7-6296D5D3A60F}.Release|Any CPU.Build.0 = Release|Any CPU
		{1285A0FC-79ED-4D02-9CF4-06785E91FD2C}.Debug|Any CPU.ActiveCfg = Debug|Any CPU
		{1285A0FC-79ED-4D02-9CF4-06785E91FD2C}.Debug|Any CPU.Build.0 = Debug|Any CPU
		{1285A0FC-79ED-4D02-9CF4-06785E91FD2C}.Release|Any CPU.ActiveCfg = Release|Any CPU
		{1285A0FC-79ED-4D02-9CF4-06785E91FD2C}.Release|Any CPU.Build.0 = Release|Any CPU
	EndGlobalSection
	GlobalSection(SolutionProperties) = preSolution
		HideSolutionNode = FALSE
	EndGlobalSection
	GlobalSection(NestedProjects) = preSolution
		{CF68EBEB-E779-4B64-8ED0-02B992878446} = {9905F427-9451-40E0-BAB0-963688627D8F}
		{C6F7109A-78B7-4585-AEED-9F10A9F9B081} = {9905F427-9451-40E0-BAB0-963688627D8F}
		{07779D71-3804-4DDF-A12A-6DF285B09F8B} = {E8A8BB79-0728-44D4-9D30-2AC542C6B564}
		{C5D14681-F5D8-4BBA-A2D7-6296D5D3A60F} = {E8A8BB79-0728-44D4-9D30-2AC542C6B564}
		{1285A0FC-79ED-4D02-9CF4-06785E91FD2C} = {E8A8BB79-0728-44D4-9D30-2AC542C6B564}
	EndGlobalSection
	GlobalSection(ExtensibilityGlobals) = postSolution
		SolutionGuid = {F79E21A8-9727-4418-AA16-3CD28189ACDD}
	EndGlobalSection
EndGlobal
